
Microsoft Visual Studio Solution File, Format Version 12.00
# Visual Studio Version 16
VisualStudioVersion = 16.0.29318.209
MinimumVisualStudioVersion = 15.0.26124.0
Project("{FAE04EC0-301F-11D3-BF4B-00C04F79EFBC}") = "SubstManager", "SubstManager\SubstManager.csproj", "{84EE0DBE-4E48-419A-8155-E964E96F375F}"
EndProject
Global
	GlobalSection(SolutionConfigurationPlatforms) = preSolution
		Debug|Any CPU = Debug|Any CPU
		Debug|x64 = Debug|x64
		Debug|x86 = Debug|x86
		Release|Any CPU = Release|Any CPU
		Release|x64 = Release|x64
		Release|x86 = Release|x86
	EndGlobalSection
	GlobalSection(ProjectConfigurationPlatforms) = postSolution
		{84EE0DBE-4E48-419A-8155-E964E96F375F}.Debug|Any CPU.ActiveCfg = Debug|Any CPU
		{84EE0DBE-4E48-419A-8155-E964E96F375F}.Debug|Any CPU.Build.0 = Debug|Any CPU
		{84EE0DBE-4E48-419A-8155-E964E96F375F}.Debug|x64.ActiveCfg = Debug|Any CPU
		{84EE0DBE-4E48-419A-8155-E964E96F375F}.Debug|x64.Build.0 = Debug|Any CPU
		{84EE0DBE-4E48-419A-8155-E964E96F375F}.Debug|x86.ActiveCfg = Debug|Any CPU
		{84EE0DBE-4E48-419A-8155-E964E96F375F}.Debug|x86.Build.0 = Debug|Any CPU
		{84EE0DBE-4E48-419A-8155-E964E96F375F}.Release|Any CPU.ActiveCfg = Release|Any CPU
		{84EE0DBE-4E48-419A-8155-E964E96F375F}.Release|Any CPU.Build.0 = Release|Any CPU
		{84EE0DBE-4E48-419A-8155-E964E96F375F}.Release|x64.ActiveCfg = Release|Any CPU
		{84EE0DBE-4E48-419A-8155-E964E96F375F}.Release|x64.Build.0 = Release|Any CPU
		{84EE0DBE-4E48-419A-8155-E964E96F375F}.Release|x86.ActiveCfg = Release|Any CPU
		{84EE0DBE-4E48-419A-8155-E964E96F375F}.Release|x86.Build.0 = Release|Any CPU
	EndGlobalSection
	GlobalSection(SolutionProperties) = preSolution
		HideSolutionNode = FALSE
	EndGlobalSection
	GlobalSection(ExtensibilityGlobals) = postSolution
		SolutionGuid = {E7350892-7E63-4E21-B0F1-51B067B07306}
	EndGlobalSection
EndGlobal
